
Microsoft Visual Studio Solution File, Format Version 12.00
# Visual Studio 14
VisualStudioVersion = 14.0.25420.1
MinimumVisualStudioVersion = 10.0.40219.1
Project("{2150E333-8FDC-42A3-9474-1A3956D46DE8}") = "Domain", "Domain", "{DD526306-A805-4E30-B15D-FBF6FB5D2320}"
EndProject
Project("{2150E333-8FDC-42A3-9474-1A3956D46DE8}") = "Infrastructure", "Infrastructure", "{6F00A88C-7715-4086-9EC1-FF2E08B1B37F}"
EndProject
Project("{2150E333-8FDC-42A3-9474-1A3956D46DE8}") = "Presentation", "Presentation", "{708E62EE-D829-4878-BF5B-D0DC54FDCD2B}"
EndProject
Project("{2150E333-8FDC-42A3-9474-1A3956D46DE8}") = "Test", "Test", "{4A821E5F-A98F-4536-808D-595CE17E37AB}"
EndProject
Project("{FAE04EC0-301F-11D3-BF4B-00C04F79EFBC}") = "Acme.Domain.Base", "Acme.Domain.Base\Acme.Domain.Base.csproj", "{8B0FBA91-2F4B-4ADB-949F-D722BCF48F34}"
EndProject
Project("{FAE04EC0-301F-11D3-BF4B-00C04F79EFBC}") = "Acme.Seps.Domain.Base", "Acme.Seps.Domain.Base\Acme.Seps.Domain.Base.csproj", "{451534FF-C6FB-4428-86C4-3827920ED96A}"
EndProject
Project("{FAE04EC0-301F-11D3-BF4B-00C04F79EFBC}") = "Acme.Seps.Domain.Base.Test.Unit", "Acme.Seps.Domain.Base.Test.Unit\Acme.Seps.Domain.Base.Test.Unit.csproj", "{48ED6B4E-1637-4249-AE1C-226FE94B123F}"
EndProject
Project("{FAE04EC0-301F-11D3-BF4B-00C04F79EFBC}") = "Acme.Domain.Base.Test.Unit", "Acme.Domain.Base.Test.Unit\Acme.Domain.Base.Test.Unit.csproj", "{1E717E67-BF3F-47A2-B8DC-8AE2DB8B574D}"
EndProject
Project("{FAE04EC0-301F-11D3-BF4B-00C04F79EFBC}") = "Acme.Seps.Domain.Parameters", "Acme.Seps.Domain.Parameters\Acme.Seps.Domain.Parameters.csproj", "{D3AB0A99-4D75-46EA-9E47-63A3B508AD2D}"
EndProject
Global
	GlobalSection(SolutionConfigurationPlatforms) = preSolution
		Debug|Any CPU = Debug|Any CPU
		Release|Any CPU = Release|Any CPU
	EndGlobalSection
	GlobalSection(ProjectConfigurationPlatforms) = postSolution
		{8B0FBA91-2F4B-4ADB-949F-D722BCF48F34}.Debug|Any CPU.ActiveCfg = Debug|Any CPU
		{8B0FBA91-2F4B-4ADB-949F-D722BCF48F34}.Debug|Any CPU.Build.0 = Debug|Any CPU
		{8B0FBA91-2F4B-4ADB-949F-D722BCF48F34}.Release|Any CPU.ActiveCfg = Release|Any CPU
		{8B0FBA91-2F4B-4ADB-949F-D722BCF48F34}.Release|Any CPU.Build.0 = Release|Any CPU
		{451534FF-C6FB-4428-86C4-3827920ED96A}.Debug|Any CPU.ActiveCfg = Debug|Any CPU
		{451534FF-C6FB-4428-86C4-3827920ED96A}.Debug|Any CPU.Build.0 = Debug|Any CPU
		{451534FF-C6FB-4428-86C4-3827920ED96A}.Release|Any CPU.ActiveCfg = Release|Any CPU
		{451534FF-C6FB-4428-86C4-3827920ED96A}.Release|Any CPU.Build.0 = Release|Any CPU
		{48ED6B4E-1637-4249-AE1C-226FE94B123F}.Debug|Any CPU.ActiveCfg = Debug|Any CPU
		{48ED6B4E-1637-4249-AE1C-226FE94B123F}.Debug|Any CPU.Build.0 = Debug|Any CPU
		{48ED6B4E-1637-4249-AE1C-226FE94B123F}.Release|Any CPU.ActiveCfg = Release|Any CPU
		{48ED6B4E-1637-4249-AE1C-226FE94B123F}.Release|Any CPU.Build.0 = Release|Any CPU
		{1E717E67-BF3F-47A2-B8DC-8AE2DB8B574D}.Debug|Any CPU.ActiveCfg = Debug|Any CPU
		{1E717E67-BF3F-47A2-B8DC-8AE2DB8B574D}.Debug|Any CPU.Build.0 = Debug|Any CPU
		{1E717E67-BF3F-47A2-B8DC-8AE2DB8B574D}.Release|Any CPU.ActiveCfg = Release|Any CPU
		{1E717E67-BF3F-47A2-B8DC-8AE2DB8B574D}.Release|Any CPU.Build.0 = Release|Any CPU
		{D3AB0A99-4D75-46EA-9E47-63A3B508AD2D}.Debug|Any CPU.ActiveCfg = Debug|Any CPU
		{D3AB0A99-4D75-46EA-9E47-63A3B508AD2D}.Debug|Any CPU.Build.0 = Debug|Any CPU
		{D3AB0A99-4D75-46EA-9E47-63A3B508AD2D}.Release|Any CPU.ActiveCfg = Release|Any CPU
		{D3AB0A99-4D75-46EA-9E47-63A3B508AD2D}.Release|Any CPU.Build.0 = Release|Any CPU
	EndGlobalSection
	GlobalSection(SolutionProperties) = preSolution
		HideSolutionNode = FALSE
	EndGlobalSection
	GlobalSection(NestedProjects) = preSolution
		{8B0FBA91-2F4B-4ADB-949F-D722BCF48F34} = {DD526306-A805-4E30-B15D-FBF6FB5D2320}
		{451534FF-C6FB-4428-86C4-3827920ED96A} = {DD526306-A805-4E30-B15D-FBF6FB5D2320}
		{48ED6B4E-1637-4249-AE1C-226FE94B123F} = {4A821E5F-A98F-4536-808D-595CE17E37AB}
		{1E717E67-BF3F-47A2-B8DC-8AE2DB8B574D} = {4A821E5F-A98F-4536-808D-595CE17E37AB}
		{D3AB0A99-4D75-46EA-9E47-63A3B508AD2D} = {DD526306-A805-4E30-B15D-FBF6FB5D2320}
	EndGlobalSection
EndGlobal
