
Microsoft Visual Studio Solution File, Format Version 12.00
# Visual Studio 15
VisualStudioVersion = 15.0.27130.2036
MinimumVisualStudioVersion = 10.0.40219.1
Project("{2150E333-8FDC-42A3-9474-1A3956D46DE8}") = "BoundedContext", "BoundedContext", "{DD526306-A805-4E30-B15D-FBF6FB5D2320}"
EndProject
Project("{2150E333-8FDC-42A3-9474-1A3956D46DE8}") = "Infrastructure", "Infrastructure", "{6F00A88C-7715-4086-9EC1-FF2E08B1B37F}"
EndProject
Project("{2150E333-8FDC-42A3-9474-1A3956D46DE8}") = "Presentation", "Presentation", "{708E62EE-D829-4878-BF5B-D0DC54FDCD2B}"
EndProject
Project("{2150E333-8FDC-42A3-9474-1A3956D46DE8}") = "Test", "Test", "{4A821E5F-A98F-4536-808D-595CE17E37AB}"
EndProject
Project("{9A19103F-16F7-4668-BE54-9A1E7A4F7556}") = "Acme.Domain.Base", "Acme.Domain.Base\Acme.Domain.Base.csproj", "{87E9F2F3-C29C-4654-9F5B-D1BCBDA508CF}"
EndProject
Project("{9A19103F-16F7-4668-BE54-9A1E7A4F7556}") = "Acme.Seps.Domain.Base", "Acme.Seps.Domain.Base\Acme.Seps.Domain.Base.csproj", "{807B8D8D-79A3-4B6E-8A9F-879389F83B63}"
EndProject
Project("{9A19103F-16F7-4668-BE54-9A1E7A4F7556}") = "Acme.Seps.UseCases.Subsidy", "Acme.Seps.UseCases.Subsidy\Acme.Seps.UseCases.Subsidy.csproj", "{5ED8525E-E456-4B73-9393-D4C189294C00}"
EndProject
Project("{9A19103F-16F7-4668-BE54-9A1E7A4F7556}") = "Acme.Repository.Base", "Acme.Repository.Base\Acme.Repository.Base.csproj", "{E60CBB89-7E47-425C-8305-513F8356ACAF}"
EndProject
Project("{9A19103F-16F7-4668-BE54-9A1E7A4F7556}") = "Acme.Seps.Domain.Base.Test.Unit", "Acme.Seps.Domain.Base.Test.Unit\Acme.Seps.Domain.Base.Test.Unit.csproj", "{E1DB4C1B-B02F-48FF-9E47-45061409C23D}"
EndProject
Project("{9A19103F-16F7-4668-BE54-9A1E7A4F7556}") = "Acme.Seps.Domain.Subsidy.Test.Unit", "Acme.Seps.Domain.Subsidy.Test.Unit\Acme.Seps.Domain.Subsidy.Test.Unit.csproj", "{D6495991-03DE-48DA-9DFE-F4E2D8D371D1}"
EndProject
Project("{9A19103F-16F7-4668-BE54-9A1E7A4F7556}") = "Acme.Seps.Repository.Subsidy", "Acme.Seps.Repository.Subsidy\Acme.Seps.Repository.Subsidy.csproj", "{26E7ACE1-E0D9-4181-82AF-69697D0A1884}"
EndProject
Project("{9A19103F-16F7-4668-BE54-9A1E7A4F7556}") = "Acme.Seps.Presentation.Web", "Acme.Seps.Presentation.Web\Acme.Seps.Presentation.Web.csproj", "{E230BD9D-1D64-421E-899F-A763C2326F03}"
EndProject
Project("{9A19103F-16F7-4668-BE54-9A1E7A4F7556}") = "Acme.Seps.Presentation.Web.Test.Integration", "Acme.Seps.Presentation.Web.Test.Integration\Acme.Seps.Presentation.Web.Test.Integration.csproj", "{DCDCC977-EBA5-427D-9C81-DC1C149D6529}"
EndProject
Project("{2150E333-8FDC-42A3-9474-1A3956D46DE8}") = "Base", "Base", "{020788B7-E43D-4831-B0F5-A6A09C8C6477}"
EndProject
Project("{2150E333-8FDC-42A3-9474-1A3956D46DE8}") = "Subsidy", "Subsidy", "{BB0798B2-147E-43C3-9D4E-F731DAD823CD}"
EndProject
Project("{2150E333-8FDC-42A3-9474-1A3956D46DE8}") = "Domain", "Domain", "{6C35C62A-98A5-41E7-9161-77EA46F38255}"
EndProject
Project("{9A19103F-16F7-4668-BE54-9A1E7A4F7556}") = "Acme.Seps.Domain.Subsidy", "Acme.Seps.Domain.Subsidy\Acme.Seps.Domain.Subsidy.csproj", "{11481C45-00E8-4F39-8BE2-E6210F2FC7EA}"
EndProject
Project("{9A19103F-16F7-4668-BE54-9A1E7A4F7556}") = "Acme.Seps.Text", "Acme.Seps.Text\Acme.Seps.Text.csproj", "{036712F5-6B09-426A-BD2C-CDE3724C2CB6}"
EndProject
Project("{9A19103F-16F7-4668-BE54-9A1E7A4F7556}") = "Acme.Seps.UseCases.Subsidy.Test.Unit", "Acme.Seps.UseCases.Subsidy.Test.Unit\Acme.Seps.UseCases.Subsidy.Test.Unit.csproj", "{CAB43267-82F0-4724-8461-2E1D20365C49}"
EndProject
Project("{9A19103F-16F7-4668-BE54-9A1E7A4F7556}") = "Acme.Seps.Test.Unit.Utility", "Acme.Seps.Utility.Test.Unit\Acme.Seps.Test.Unit.Utility.csproj", "{71D4CD30-7910-455A-87F3-D8C47825FE78}"
EndProject
Project("{2150E333-8FDC-42A3-9474-1A3956D46DE8}") = "Data", "Data", "{C94B5AED-142C-4D9B-AC7C-FDF5C2C24507}"
EndProject
Project("{2150E333-8FDC-42A3-9474-1A3956D46DE8}") = "Plant", "Plant", "{0B469E57-F3E1-456C-97A6-F5AC0FB9BF9E}"
EndProject
Project("{FAE04EC0-301F-11D3-BF4B-00C04F79EFBC}") = "Acme.Seps.Text.Test.Unit", "Acme.Seps.Text.Test.Unit\Acme.Seps.Text.Test.Unit.csproj", "{5A88A061-B80E-4397-B01B-2C6C51C5B7F2}"
EndProject
Global
	GlobalSection(SolutionConfigurationPlatforms) = preSolution
		Debug|Any CPU = Debug|Any CPU
		Release|Any CPU = Release|Any CPU
	EndGlobalSection
	GlobalSection(ProjectConfigurationPlatforms) = postSolution
		{87E9F2F3-C29C-4654-9F5B-D1BCBDA508CF}.Debug|Any CPU.ActiveCfg = Debug|Any CPU
		{87E9F2F3-C29C-4654-9F5B-D1BCBDA508CF}.Debug|Any CPU.Build.0 = Debug|Any CPU
		{87E9F2F3-C29C-4654-9F5B-D1BCBDA508CF}.Release|Any CPU.ActiveCfg = Release|Any CPU
		{87E9F2F3-C29C-4654-9F5B-D1BCBDA508CF}.Release|Any CPU.Build.0 = Release|Any CPU
		{807B8D8D-79A3-4B6E-8A9F-879389F83B63}.Debug|Any CPU.ActiveCfg = Debug|Any CPU
		{807B8D8D-79A3-4B6E-8A9F-879389F83B63}.Debug|Any CPU.Build.0 = Debug|Any CPU
		{807B8D8D-79A3-4B6E-8A9F-879389F83B63}.Release|Any CPU.ActiveCfg = Release|Any CPU
		{807B8D8D-79A3-4B6E-8A9F-879389F83B63}.Release|Any CPU.Build.0 = Release|Any CPU
		{5ED8525E-E456-4B73-9393-D4C189294C00}.Debug|Any CPU.ActiveCfg = Debug|Any CPU
		{5ED8525E-E456-4B73-9393-D4C189294C00}.Debug|Any CPU.Build.0 = Debug|Any CPU
		{5ED8525E-E456-4B73-9393-D4C189294C00}.Release|Any CPU.ActiveCfg = Release|Any CPU
		{5ED8525E-E456-4B73-9393-D4C189294C00}.Release|Any CPU.Build.0 = Release|Any CPU
		{E60CBB89-7E47-425C-8305-513F8356ACAF}.Debug|Any CPU.ActiveCfg = Debug|Any CPU
		{E60CBB89-7E47-425C-8305-513F8356ACAF}.Debug|Any CPU.Build.0 = Debug|Any CPU
		{E60CBB89-7E47-425C-8305-513F8356ACAF}.Release|Any CPU.ActiveCfg = Release|Any CPU
		{E60CBB89-7E47-425C-8305-513F8356ACAF}.Release|Any CPU.Build.0 = Release|Any CPU
		{E1DB4C1B-B02F-48FF-9E47-45061409C23D}.Debug|Any CPU.ActiveCfg = Debug|Any CPU
		{E1DB4C1B-B02F-48FF-9E47-45061409C23D}.Debug|Any CPU.Build.0 = Debug|Any CPU
		{E1DB4C1B-B02F-48FF-9E47-45061409C23D}.Release|Any CPU.ActiveCfg = Release|Any CPU
		{E1DB4C1B-B02F-48FF-9E47-45061409C23D}.Release|Any CPU.Build.0 = Release|Any CPU
		{D6495991-03DE-48DA-9DFE-F4E2D8D371D1}.Debug|Any CPU.ActiveCfg = Debug|Any CPU
		{D6495991-03DE-48DA-9DFE-F4E2D8D371D1}.Debug|Any CPU.Build.0 = Debug|Any CPU
		{D6495991-03DE-48DA-9DFE-F4E2D8D371D1}.Release|Any CPU.ActiveCfg = Release|Any CPU
		{D6495991-03DE-48DA-9DFE-F4E2D8D371D1}.Release|Any CPU.Build.0 = Release|Any CPU
		{26E7ACE1-E0D9-4181-82AF-69697D0A1884}.Debug|Any CPU.ActiveCfg = Debug|Any CPU
		{26E7ACE1-E0D9-4181-82AF-69697D0A1884}.Debug|Any CPU.Build.0 = Debug|Any CPU
		{26E7ACE1-E0D9-4181-82AF-69697D0A1884}.Release|Any CPU.ActiveCfg = Release|Any CPU
		{26E7ACE1-E0D9-4181-82AF-69697D0A1884}.Release|Any CPU.Build.0 = Release|Any CPU
		{E230BD9D-1D64-421E-899F-A763C2326F03}.Debug|Any CPU.ActiveCfg = Debug|Any CPU
		{E230BD9D-1D64-421E-899F-A763C2326F03}.Debug|Any CPU.Build.0 = Debug|Any CPU
		{E230BD9D-1D64-421E-899F-A763C2326F03}.Release|Any CPU.ActiveCfg = Release|Any CPU
		{E230BD9D-1D64-421E-899F-A763C2326F03}.Release|Any CPU.Build.0 = Release|Any CPU
		{DCDCC977-EBA5-427D-9C81-DC1C149D6529}.Debug|Any CPU.ActiveCfg = Debug|Any CPU
		{DCDCC977-EBA5-427D-9C81-DC1C149D6529}.Debug|Any CPU.Build.0 = Debug|Any CPU
		{DCDCC977-EBA5-427D-9C81-DC1C149D6529}.Release|Any CPU.ActiveCfg = Release|Any CPU
		{DCDCC977-EBA5-427D-9C81-DC1C149D6529}.Release|Any CPU.Build.0 = Release|Any CPU
		{11481C45-00E8-4F39-8BE2-E6210F2FC7EA}.Debug|Any CPU.ActiveCfg = Debug|Any CPU
		{11481C45-00E8-4F39-8BE2-E6210F2FC7EA}.Debug|Any CPU.Build.0 = Debug|Any CPU
		{11481C45-00E8-4F39-8BE2-E6210F2FC7EA}.Release|Any CPU.ActiveCfg = Release|Any CPU
		{11481C45-00E8-4F39-8BE2-E6210F2FC7EA}.Release|Any CPU.Build.0 = Release|Any CPU
		{036712F5-6B09-426A-BD2C-CDE3724C2CB6}.Debug|Any CPU.ActiveCfg = Debug|Any CPU
		{036712F5-6B09-426A-BD2C-CDE3724C2CB6}.Debug|Any CPU.Build.0 = Debug|Any CPU
		{036712F5-6B09-426A-BD2C-CDE3724C2CB6}.Release|Any CPU.ActiveCfg = Release|Any CPU
		{036712F5-6B09-426A-BD2C-CDE3724C2CB6}.Release|Any CPU.Build.0 = Release|Any CPU
		{CAB43267-82F0-4724-8461-2E1D20365C49}.Debug|Any CPU.ActiveCfg = Debug|Any CPU
		{CAB43267-82F0-4724-8461-2E1D20365C49}.Debug|Any CPU.Build.0 = Debug|Any CPU
		{CAB43267-82F0-4724-8461-2E1D20365C49}.Release|Any CPU.ActiveCfg = Release|Any CPU
		{CAB43267-82F0-4724-8461-2E1D20365C49}.Release|Any CPU.Build.0 = Release|Any CPU
		{71D4CD30-7910-455A-87F3-D8C47825FE78}.Debug|Any CPU.ActiveCfg = Debug|Any CPU
		{71D4CD30-7910-455A-87F3-D8C47825FE78}.Debug|Any CPU.Build.0 = Debug|Any CPU
		{71D4CD30-7910-455A-87F3-D8C47825FE78}.Release|Any CPU.ActiveCfg = Release|Any CPU
		{71D4CD30-7910-455A-87F3-D8C47825FE78}.Release|Any CPU.Build.0 = Release|Any CPU
		{5A88A061-B80E-4397-B01B-2C6C51C5B7F2}.Debug|Any CPU.ActiveCfg = Debug|Any CPU
		{5A88A061-B80E-4397-B01B-2C6C51C5B7F2}.Debug|Any CPU.Build.0 = Debug|Any CPU
		{5A88A061-B80E-4397-B01B-2C6C51C5B7F2}.Release|Any CPU.ActiveCfg = Release|Any CPU
		{5A88A061-B80E-4397-B01B-2C6C51C5B7F2}.Release|Any CPU.Build.0 = Release|Any CPU
	EndGlobalSection
	GlobalSection(SolutionProperties) = preSolution
		HideSolutionNode = FALSE
	EndGlobalSection
	GlobalSection(NestedProjects) = preSolution
		{6F00A88C-7715-4086-9EC1-FF2E08B1B37F} = {020788B7-E43D-4831-B0F5-A6A09C8C6477}
		{87E9F2F3-C29C-4654-9F5B-D1BCBDA508CF} = {6C35C62A-98A5-41E7-9161-77EA46F38255}
		{807B8D8D-79A3-4B6E-8A9F-879389F83B63} = {6C35C62A-98A5-41E7-9161-77EA46F38255}
		{5ED8525E-E456-4B73-9393-D4C189294C00} = {BB0798B2-147E-43C3-9D4E-F731DAD823CD}
		{E60CBB89-7E47-425C-8305-513F8356ACAF} = {6F00A88C-7715-4086-9EC1-FF2E08B1B37F}
		{E1DB4C1B-B02F-48FF-9E47-45061409C23D} = {4A821E5F-A98F-4536-808D-595CE17E37AB}
		{D6495991-03DE-48DA-9DFE-F4E2D8D371D1} = {4A821E5F-A98F-4536-808D-595CE17E37AB}
		{26E7ACE1-E0D9-4181-82AF-69697D0A1884} = {BB0798B2-147E-43C3-9D4E-F731DAD823CD}
		{E230BD9D-1D64-421E-899F-A763C2326F03} = {708E62EE-D829-4878-BF5B-D0DC54FDCD2B}
		{DCDCC977-EBA5-427D-9C81-DC1C149D6529} = {4A821E5F-A98F-4536-808D-595CE17E37AB}
		{BB0798B2-147E-43C3-9D4E-F731DAD823CD} = {DD526306-A805-4E30-B15D-FBF6FB5D2320}
		{6C35C62A-98A5-41E7-9161-77EA46F38255} = {020788B7-E43D-4831-B0F5-A6A09C8C6477}
		{11481C45-00E8-4F39-8BE2-E6210F2FC7EA} = {BB0798B2-147E-43C3-9D4E-F731DAD823CD}
		{036712F5-6B09-426A-BD2C-CDE3724C2CB6} = {6F00A88C-7715-4086-9EC1-FF2E08B1B37F}
		{CAB43267-82F0-4724-8461-2E1D20365C49} = {4A821E5F-A98F-4536-808D-595CE17E37AB}
		{71D4CD30-7910-455A-87F3-D8C47825FE78} = {4A821E5F-A98F-4536-808D-595CE17E37AB}
		{C94B5AED-142C-4D9B-AC7C-FDF5C2C24507} = {DD526306-A805-4E30-B15D-FBF6FB5D2320}
		{0B469E57-F3E1-456C-97A6-F5AC0FB9BF9E} = {DD526306-A805-4E30-B15D-FBF6FB5D2320}
		{5A88A061-B80E-4397-B01B-2C6C51C5B7F2} = {4A821E5F-A98F-4536-808D-595CE17E37AB}
	EndGlobalSection
	GlobalSection(ExtensibilityGlobals) = postSolution
		SolutionGuid = {1E01B9AD-6BD4-415E-A4CC-2881BE06104E}
	EndGlobalSection
EndGlobal
